
Microsoft Visual Studio Solution File, Format Version 12.00
# Visual Studio Version 17
VisualStudioVersion = 17.9.34723.18
MinimumVisualStudioVersion = 10.0.40219.1
Project("{FAE04EC0-301F-11D3-BF4B-00C04F79EFBC}") = "DOAN", "DOAN\DOAN.csproj", "{9494FA90-E27F-459D-BD9C-B6936ADCE473}"
EndProject
Project("{FAE04EC0-301F-11D3-BF4B-00C04F79EFBC}") = "SunnyUI.Demo", "D:\SunnyUI-master_ngocautomation\SunnyUI-master\SunnyUI.Demo\SunnyUI.Demo.csproj", "{6AE19B87-C2AA-4C56-BC26-1C343F30FF58}"
EndProject
Project("{FAE04EC0-301F-11D3-BF4B-00C04F79EFBC}") = "DAT", "DAT\DAT.csproj", "{6C63CD57-94B1-4245-8FCC-D666B31EE8AC}"
EndProject
Global
	GlobalSection(SolutionConfigurationPlatforms) = preSolution
		Debug|Any CPU = Debug|Any CPU
		Release|Any CPU = Release|Any CPU
	EndGlobalSection
	GlobalSection(ProjectConfigurationPlatforms) = postSolution
		{9494FA90-E27F-459D-BD9C-B6936ADCE473}.Debug|Any CPU.ActiveCfg = Debug|Any CPU
		{9494FA90-E27F-459D-BD9C-B6936ADCE473}.Debug|Any CPU.Build.0 = Debug|Any CPU
		{9494FA90-E27F-459D-BD9C-B6936ADCE473}.Release|Any CPU.ActiveCfg = Release|Any CPU
		{9494FA90-E27F-459D-BD9C-B6936ADCE473}.Release|Any CPU.Build.0 = Release|Any CPU
		{6AE19B87-C2AA-4C56-BC26-1C343F30FF58}.Debug|Any CPU.ActiveCfg = Debug|Any CPU
		{6AE19B87-C2AA-4C56-BC26-1C343F30FF58}.Debug|Any CPU.Build.0 = Debug|Any CPU
		{6AE19B87-C2AA-4C56-BC26-1C343F30FF58}.Release|Any CPU.ActiveCfg = Release|Any CPU
		{6AE19B87-C2AA-4C56-BC26-1C343F30FF58}.Release|Any CPU.Build.0 = Release|Any CPU
		{6C63CD57-94B1-4245-8FCC-D666B31EE8AC}.Debug|Any CPU.ActiveCfg = Debug|Any CPU
		{6C63CD57-94B1-4245-8FCC-D666B31EE8AC}.Debug|Any CPU.Build.0 = Debug|Any CPU
		{6C63CD57-94B1-4245-8FCC-D666B31EE8AC}.Release|Any CPU.ActiveCfg = Release|Any CPU
		{6C63CD57-94B1-4245-8FCC-D666B31EE8AC}.Release|Any CPU.Build.0 = Release|Any CPU
	EndGlobalSection
	GlobalSection(SolutionProperties) = preSolution
		HideSolutionNode = FALSE
	EndGlobalSection
	GlobalSection(ExtensibilityGlobals) = postSolution
		SolutionGuid = {E64E257B-85DB-43CC-838B-77573F9C10C4}
	EndGlobalSection
EndGlobal
